
Microsoft Visual Studio Solution File, Format Version 12.00
# Visual Studio Version 17
VisualStudioVersion = 17.3.32825.248
MinimumVisualStudioVersion = 10.0.40219.1
Project("{8BC9CEB8-8B4A-11D0-8D11-00A0C91BC942}") = "9-12", "9-12\9-12.vcxproj", "{13E73B6B-8A58-40E5-A941-923FDB81286E}"
EndProject
Global
	GlobalSection(SolutionConfigurationPlatforms) = preSolution
		Debug|x64 = Debug|x64
		Debug|x86 = Debug|x86
		Release|x64 = Release|x64
		Release|x86 = Release|x86
	EndGlobalSection
	GlobalSection(ProjectConfigurationPlatforms) = postSolution
		{13E73B6B-8A58-40E5-A941-923FDB81286E}.Debug|x64.ActiveCfg = Debug|x64
		{13E73B6B-8A58-40E5-A941-923FDB81286E}.Debug|x64.Build.0 = Debug|x64
		{13E73B6B-8A58-40E5-A941-923FDB81286E}.Debug|x86.ActiveCfg = Debug|Win32
		{13E73B6B-8A58-40E5-A941-923FDB81286E}.Debug|x86.Build.0 = Debug|Win32
		{13E73B6B-8A58-40E5-A941-923FDB81286E}.Release|x64.ActiveCfg = Release|x64
		{13E73B6B-8A58-40E5-A941-923FDB81286E}.Release|x64.Build.0 = Release|x64
		{13E73B6B-8A58-40E5-A941-923FDB81286E}.Release|x86.ActiveCfg = Release|Win32
		{13E73B6B-8A58-40E5-A941-923FDB81286E}.Release|x86.Build.0 = Release|Win32
	EndGlobalSection
	GlobalSection(SolutionProperties) = preSolution
		HideSolutionNode = FALSE
	EndGlobalSection
	GlobalSection(ExtensibilityGlobals) = postSolution
		SolutionGuid = {FD0526C2-E626-4980-B406-955F291C654D}
	EndGlobalSection
EndGlobal
